
Microsoft Visual Studio Solution File, Format Version 12.00
# Visual Studio 2012
Project("{FAE04EC0-301F-11D3-BF4B-00C04F79EFBC}") = "UnderstandingInternalClass", "UnderstandingInternalClass\UnderstandingInternalClass.csproj", "{7F55E1BC-6871-4ACF-B542-607360B22A00}"
EndProject
Project("{FAE04EC0-301F-11D3-BF4B-00C04F79EFBC}") = "Project2", "Project2\Project2.csproj", "{670EE73E-C848-4556-8360-51A0915A4954}"
EndProject
Global
	GlobalSection(SolutionConfigurationPlatforms) = preSolution
		Debug|Any CPU = Debug|Any CPU
		Release|Any CPU = Release|Any CPU
	EndGlobalSection
	GlobalSection(ProjectConfigurationPlatforms) = postSolution
		{7F55E1BC-6871-4ACF-B542-607360B22A00}.Debug|Any CPU.ActiveCfg = Debug|Any CPU
		{7F55E1BC-6871-4ACF-B542-607360B22A00}.Debug|Any CPU.Build.0 = Debug|Any CPU
		{7F55E1BC-6871-4ACF-B542-607360B22A00}.Release|Any CPU.ActiveCfg = Release|Any CPU
		{7F55E1BC-6871-4ACF-B542-607360B22A00}.Release|Any CPU.Build.0 = Release|Any CPU
		{670EE73E-C848-4556-8360-51A0915A4954}.Debug|Any CPU.ActiveCfg = Debug|Any CPU
		{670EE73E-C848-4556-8360-51A0915A4954}.Debug|Any CPU.Build.0 = Debug|Any CPU
		{670EE73E-C848-4556-8360-51A0915A4954}.Release|Any CPU.ActiveCfg = Release|Any CPU
		{670EE73E-C848-4556-8360-51A0915A4954}.Release|Any CPU.Build.0 = Release|Any CPU
	EndGlobalSection
	GlobalSection(SolutionProperties) = preSolution
		HideSolutionNode = FALSE
	EndGlobalSection
EndGlobal
